
Microsoft Visual Studio Solution File, Format Version 12.00
# Visual Studio Version 17
VisualStudioVersion = 17.1.32328.378
MinimumVisualStudioVersion = 10.0.40219.1
Project("{9A19103F-16F7-4668-BE54-9A1E7A4F7556}") = "concProg.Logic", "concProg.Logic\concProg.Logic.csproj", "{10CB6980-AF20-44E5-8DC4-0C3B27562BBB}"
EndProject
Project("{9A19103F-16F7-4668-BE54-9A1E7A4F7556}") = "concProg.Data", "concProg.Data\concProg.Data.csproj", "{E74FDE96-3990-4DB1-B35B-044F11CDE0B2}"
EndProject
Project("{9A19103F-16F7-4668-BE54-9A1E7A4F7556}") = "Model", "Model\Model.csproj", "{4DF4C614-B37A-4A97-B4F2-3CC5982EF2B4}"
EndProject
Project("{9A19103F-16F7-4668-BE54-9A1E7A4F7556}") = "ViewModel", "ViewModel\ViewModel.csproj", "{A7AEE438-EE0B-439B-900D-6DCF9F1D4C81}"
EndProject
Project("{FAE04EC0-301F-11D3-BF4B-00C04F79EFBC}") = "View", "View\View.csproj", "{E988E485-6938-4E89-A050-B07B65CC5C6A}"
EndProject
Global
	GlobalSection(SolutionConfigurationPlatforms) = preSolution
		Debug|Any CPU = Debug|Any CPU
		Release|Any CPU = Release|Any CPU
	EndGlobalSection
	GlobalSection(ProjectConfigurationPlatforms) = postSolution
		{10CB6980-AF20-44E5-8DC4-0C3B27562BBB}.Debug|Any CPU.ActiveCfg = Debug|Any CPU
		{10CB6980-AF20-44E5-8DC4-0C3B27562BBB}.Debug|Any CPU.Build.0 = Debug|Any CPU
		{10CB6980-AF20-44E5-8DC4-0C3B27562BBB}.Release|Any CPU.ActiveCfg = Release|Any CPU
		{10CB6980-AF20-44E5-8DC4-0C3B27562BBB}.Release|Any CPU.Build.0 = Release|Any CPU
		{E74FDE96-3990-4DB1-B35B-044F11CDE0B2}.Debug|Any CPU.ActiveCfg = Debug|Any CPU
		{E74FDE96-3990-4DB1-B35B-044F11CDE0B2}.Debug|Any CPU.Build.0 = Debug|Any CPU
		{E74FDE96-3990-4DB1-B35B-044F11CDE0B2}.Release|Any CPU.ActiveCfg = Release|Any CPU
		{E74FDE96-3990-4DB1-B35B-044F11CDE0B2}.Release|Any CPU.Build.0 = Release|Any CPU
		{4DF4C614-B37A-4A97-B4F2-3CC5982EF2B4}.Debug|Any CPU.ActiveCfg = Debug|Any CPU
		{4DF4C614-B37A-4A97-B4F2-3CC5982EF2B4}.Debug|Any CPU.Build.0 = Debug|Any CPU
		{4DF4C614-B37A-4A97-B4F2-3CC5982EF2B4}.Release|Any CPU.ActiveCfg = Release|Any CPU
		{4DF4C614-B37A-4A97-B4F2-3CC5982EF2B4}.Release|Any CPU.Build.0 = Release|Any CPU
		{A7AEE438-EE0B-439B-900D-6DCF9F1D4C81}.Debug|Any CPU.ActiveCfg = Debug|Any CPU
		{A7AEE438-EE0B-439B-900D-6DCF9F1D4C81}.Debug|Any CPU.Build.0 = Debug|Any CPU
		{A7AEE438-EE0B-439B-900D-6DCF9F1D4C81}.Release|Any CPU.ActiveCfg = Release|Any CPU
		{A7AEE438-EE0B-439B-900D-6DCF9F1D4C81}.Release|Any CPU.Build.0 = Release|Any CPU
		{E988E485-6938-4E89-A050-B07B65CC5C6A}.Debug|Any CPU.ActiveCfg = Debug|Any CPU
		{E988E485-6938-4E89-A050-B07B65CC5C6A}.Debug|Any CPU.Build.0 = Debug|Any CPU
		{E988E485-6938-4E89-A050-B07B65CC5C6A}.Release|Any CPU.ActiveCfg = Release|Any CPU
		{E988E485-6938-4E89-A050-B07B65CC5C6A}.Release|Any CPU.Build.0 = Release|Any CPU
	EndGlobalSection
	GlobalSection(SolutionProperties) = preSolution
		HideSolutionNode = FALSE
	EndGlobalSection
	GlobalSection(ExtensibilityGlobals) = postSolution
		SolutionGuid = {5B4B3D60-F9FE-4424-A480-5599293CC31C}
	EndGlobalSection
EndGlobal
